
Microsoft Visual Studio Solution File, Format Version 12.00
# Visual Studio Version 16
VisualStudioVersion = 16.0.31424.327
MinimumVisualStudioVersion = 10.0.40219.1
Project("{FAE04EC0-301F-11D3-BF4B-00C04F79EFBC}") = "LayoutTraining", "LayoutTraining\LayoutTraining.csproj", "{39224442-3D9D-453D-9946-DB1B979D65D0}"
EndProject
Global
	GlobalSection(SolutionConfigurationPlatforms) = preSolution
		Debug|Any CPU = Debug|Any CPU
		Release|Any CPU = Release|Any CPU
	EndGlobalSection
	GlobalSection(ProjectConfigurationPlatforms) = postSolution
		{39224442-3D9D-453D-9946-DB1B979D65D0}.Debug|Any CPU.ActiveCfg = Debug|Any CPU
		{39224442-3D9D-453D-9946-DB1B979D65D0}.Debug|Any CPU.Build.0 = Debug|Any CPU
		{39224442-3D9D-453D-9946-DB1B979D65D0}.Release|Any CPU.ActiveCfg = Release|Any CPU
		{39224442-3D9D-453D-9946-DB1B979D65D0}.Release|Any CPU.Build.0 = Release|Any CPU
	EndGlobalSection
	GlobalSection(SolutionProperties) = preSolution
		HideSolutionNode = FALSE
	EndGlobalSection
	GlobalSection(ExtensibilityGlobals) = postSolution
		SolutionGuid = {65579EDB-1E95-4A35-A0D4-891F0762E968}
	EndGlobalSection
EndGlobal
